hash: e5bf205f8833e4fc6ab7df7931a26a52e6c2a8c7ae688e5dc3fd94eb0bb70da7
updated: 2018-07-16T08:16:23.2017765+08:00
imports:
- name: github.com/astaxie/beego
  version: bf5c5626ab429e66d88602e1ab1ab5fbf4629a01
  subpackages:
  - config
  - context
  - context/param
  - grace
  - logs
  - session
  - toolbox
  - utils
testImports:
- name: github.com/gopherjs/gopherjs
  version: 0892b62f0d9fb5857760c3cfca837207185117ee
  subpackages:
  - js
- name: github.com/jtolds/gls
  version: 77f18212c9c7edc9bd6a33d383a7b545ce62f064
- name: github.com/smartystreets/assertions
  version: eb5b59917fa21f01252cee37e84631c7fb502d82
  subpackages:
  - internal/go-render/render
  - internal/oglematchers
- name: github.com/smartystreets/goconvey
  version: 9e8dc3f972df6c8fcc0375ef492c24d0bb204857
  subpackages:
  - convey
  - convey/gotest
  - convey/reporting
